
Microsoft Visual Studio Solution File, Format Version 12.00
Project("{FAE04EC0-301F-11D3-BF4B-00C04F79EFBC}") = "ThreadStacktrace", "ThreadStacktrace\ThreadStacktrace.csproj", "{FF6ED5FE-B0D3-456D-887B-BCA6AF4B0703}"
EndProject
Global
	GlobalSection(SolutionConfigurationPlatforms) = preSolution
		Debug|Any CPU = Debug|Any CPU
		Release|Any CPU = Release|Any CPU
	EndGlobalSection
	GlobalSection(ProjectConfigurationPlatforms) = postSolution
		{FF6ED5FE-B0D3-456D-887B-BCA6AF4B0703}.Debug|Any CPU.ActiveCfg = Debug|Any CPU
		{FF6ED5FE-B0D3-456D-887B-BCA6AF4B0703}.Debug|Any CPU.Build.0 = Debug|Any CPU
		{FF6ED5FE-B0D3-456D-887B-BCA6AF4B0703}.Release|Any CPU.ActiveCfg = Release|Any CPU
		{FF6ED5FE-B0D3-456D-887B-BCA6AF4B0703}.Release|Any CPU.Build.0 = Release|Any CPU
	EndGlobalSection
EndGlobal
